
Microsoft Visual Studio Solution File, Format Version 12.00
# Visual Studio Version 17
VisualStudioVersion = 17.13.35828.75 d17.13
MinimumVisualStudioVersion = 10.0.40219.1
Project("{FAE04EC0-301F-11D3-BF4B-00C04F79EFBC}") = "GoCylone", "GoCylone.csproj", "{4A98F92F-E319-41FE-9FD4-35933FFD8083}"
EndProject
Global
	GlobalSection(SolutionConfigurationPlatforms) = preSolution
		Debug|Any CPU = Debug|Any CPU
		Release|Any CPU = Release|Any CPU
	EndGlobalSection
	GlobalSection(ProjectConfigurationPlatforms) = postSolution
		{4A98F92F-E319-41FE-9FD4-35933FFD8083}.Debug|Any CPU.ActiveCfg = Debug|Any CPU
		{4A98F92F-E319-41FE-9FD4-35933FFD8083}.Debug|Any CPU.Build.0 = Debug|Any CPU
		{4A98F92F-E319-41FE-9FD4-35933FFD8083}.Release|Any CPU.ActiveCfg = Release|Any CPU
		{4A98F92F-E319-41FE-9FD4-35933FFD8083}.Release|Any CPU.Build.0 = Release|Any CPU
	EndGlobalSection
	GlobalSection(SolutionProperties) = preSolution
		HideSolutionNode = FALSE
	EndGlobalSection
	GlobalSection(ExtensibilityGlobals) = postSolution
		SolutionGuid = {CF857365-12F2-428C-96F1-9885445B804F}
	EndGlobalSection
EndGlobal
